
Microsoft Visual Studio Solution File, Format Version 12.00
# Visual Studio Version 16
VisualStudioVersion = 16.0.30001.183
MinimumVisualStudioVersion = 10.0.40219.1
Project("{9A19103F-16F7-4668-BE54-9A1E7A4F7556}") = "AzureStorage.Api", "AzureStorage.Api\AzureStorage.Api.csproj", "{5EE89D42-8813-45B5-A635-B35B744CED04}"
EndProject
Project("{9A19103F-16F7-4668-BE54-9A1E7A4F7556}") = "AzureStorage.Core", "AzureStorage.Core\AzureStorage.Core.csproj", "{2B551CE9-E0A0-4708-83FC-E4D8E10CA2E6}"
EndProject
Project("{9A19103F-16F7-4668-BE54-9A1E7A4F7556}") = "AzureStorage.Infra", "AzureStorage.Infra\AzureStorage.Infra.csproj", "{4F4E6918-EFF3-46C2-A1A2-EAC2125A4508}"
EndProject
Global
	GlobalSection(SolutionConfigurationPlatforms) = preSolution
		Debug|Any CPU = Debug|Any CPU
		Release|Any CPU = Release|Any CPU
	EndGlobalSection
	GlobalSection(ProjectConfigurationPlatforms) = postSolution
		{5EE89D42-8813-45B5-A635-B35B744CED04}.Debug|Any CPU.ActiveCfg = Debug|Any CPU
		{5EE89D42-8813-45B5-A635-B35B744CED04}.Debug|Any CPU.Build.0 = Debug|Any CPU
		{5EE89D42-8813-45B5-A635-B35B744CED04}.Release|Any CPU.ActiveCfg = Release|Any CPU
		{5EE89D42-8813-45B5-A635-B35B744CED04}.Release|Any CPU.Build.0 = Release|Any CPU
		{2B551CE9-E0A0-4708-83FC-E4D8E10CA2E6}.Debug|Any CPU.ActiveCfg = Debug|Any CPU
		{2B551CE9-E0A0-4708-83FC-E4D8E10CA2E6}.Debug|Any CPU.Build.0 = Debug|Any CPU
		{2B551CE9-E0A0-4708-83FC-E4D8E10CA2E6}.Release|Any CPU.ActiveCfg = Release|Any CPU
		{2B551CE9-E0A0-4708-83FC-E4D8E10CA2E6}.Release|Any CPU.Build.0 = Release|Any CPU
		{4F4E6918-EFF3-46C2-A1A2-EAC2125A4508}.Debug|Any CPU.ActiveCfg = Debug|Any CPU
		{4F4E6918-EFF3-46C2-A1A2-EAC2125A4508}.Debug|Any CPU.Build.0 = Debug|Any CPU
		{4F4E6918-EFF3-46C2-A1A2-EAC2125A4508}.Release|Any CPU.ActiveCfg = Release|Any CPU
		{4F4E6918-EFF3-46C2-A1A2-EAC2125A4508}.Release|Any CPU.Build.0 = Release|Any CPU
	EndGlobalSection
	GlobalSection(SolutionProperties) = preSolution
		HideSolutionNode = FALSE
	EndGlobalSection
	GlobalSection(ExtensibilityGlobals) = postSolution
		SolutionGuid = {4F126965-2698-4542-8EDF-50CD91C1FE2C}
	EndGlobalSection
EndGlobal
